// !$*UTF8*$!
{
	archiveVersion = 1;
	classes = {
	};
	objectVersion = 46;
	objects = {

/* Begin PBXBuildFile section */
		31A286CE198DA27700362ED8 /* Foundation.framework in Frameworks */ = {isa = PBXBuildFile; fileRef = 31A286CD198DA27700362ED8 /* Foundation.framework */; };
		31A286D0198DA27700362ED8 /* CoreGraphics.framework in Frameworks */ = {isa = PBXBuildFile; fileRef = 31A286CF198DA27700362ED8 /* CoreGraphics.framework */; };
		31A286D2198DA27700362ED8 /* UIKit.framework in Frameworks */ = {isa = PBXBuildFile; fileRef = 31A286D1198DA27700362ED8 /* UIKit.framework */; };
		31A286D8198DA27700362ED8 /* InfoPlist.strings in Resources */ = {isa = PBXBuildFile; fileRef = 31A286D6198DA27700362ED8 /* InfoPlist.strings */; };
		31A286DA198DA27700362ED8 /* main.m in Sources */ = {isa = PBXBuildFile; fileRef = 31A286D9198DA27700362ED8 /* main.m */; };
		31A286DE198DA27800362ED8 /* AppDelegate.m in Sources */ = {isa = PBXBuildFile; fileRef = 31A286DD198DA27800362ED8 /* AppDelegate.m */; };
		31A286E6198DA27800362ED8 /* Images.xcassets in Resources */ = {isa = PBXBuildFile; fileRef = 31A286E5198DA27800362ED8 /* Images.xcassets */; };
		31A286ED198DA27800362ED8 /* XCTest.framework in Frameworks */ = {isa = PBXBuildFile; fileRef = 31A286EC198DA27800362ED8 /* XCTest.framework */; };
		31A286EE198DA27800362ED8 /* Foundation.framework in Frameworks */ = {isa = PBXBuildFile; fileRef = 31A286CD198DA27700362ED8 /* Foundation.framework */; };
		31A286EF198DA27800362ED8 /* UIKit.framework in Frameworks */ = {isa = PBXBuildFile; fileRef = 31A286D1198DA27700362ED8 /* UIKit.framework */; };
		31A286F7198DA27800362ED8 /* InfoPlist.strings in Resources */ = {isa = PBXBuildFile; fileRef = 31A286F5198DA27800362ED8 /* InfoPlist.strings */; };
		31A286F9198DA27800362ED8 /* seqTests.m in Sources */ = {isa = PBXBuildFile; fileRef = 31A286F8198DA27800362ED8 /* seqTests.m */; };
		31A28718198E051700362ED8 /* Helpers.m in Sources */ = {isa = PBXBuildFile; fileRef = 31A28711198E051700362ED8 /* Helpers.m */; };
		31A28719198E051700362ED8 /* Airbnb.m in Sources */ = {isa = PBXBuildFile; fileRef = 31A28713198E051700362ED8 /* Airbnb.m */; };
		31A2871A198E051700362ED8 /* Foursquare.m in Sources */ = {isa = PBXBuildFile; fileRef = 31A28715198E051700362ED8 /* Foursquare.m */; };
		31A2871B198E051700362ED8 /* OpenTable.m in Sources */ = {isa = PBXBuildFile; fileRef = 31A28717198E051700362ED8 /* OpenTable.m */; };
		31A2871F198E052F00362ED8 /* Main.storyboard in Resources */ = {isa = PBXBuildFile; fileRef = 31A2871C198E052F00362ED8 /* Main.storyboard */; };
		31A28720198E052F00362ED8 /* ViewController.m in Sources */ = {isa = PBXBuildFile; fileRef = 31A2871E198E052F00362ED8 /* ViewController.m */; };
		31A28723198E143300362ED8 /* AppSwitch.m in Sources */ = {isa = PBXBuildFile; fileRef = 31A28722198E143300362ED8 /* AppSwitch.m */; };
		31A28725198E14AD00362ED8 /* launch.png in Resources */ = {isa = PBXBuildFile; fileRef = 31A28724198E14AD00362ED8 /* launch.png */; };
/* End PBXBuildFile section */

/* Begin PBXContainerItemProxy section */
		31A286F0198DA27800362ED8 /* PBXContainerItemProxy */ = {
			isa = PBXContainerItemProxy;
			containerPortal = 31A286C2198DA27700362ED8 /* Project object */;
			proxyType = 1;
			remoteGlobalIDString = 31A286C9198DA27700362ED8;
			remoteInfo = seq;
		};
/* End PBXContainerItemProxy section */

/* Begin PBXFileReference section */
		31A286CA198DA27700362ED8 /* seq.app */ = {isa = PBXFileReference; explicitFileType = wrapper.application; includeInIndex = 0; path = seq.app; sourceTree = BUILT_PRODUCTS_DIR; };
		31A286CD198DA27700362ED8 /* Foundation.framework */ = {isa = PBXFileReference; lastKnownFileType = wrapper.framework; name = Foundation.framework; path = System/Library/Frameworks/Foundation.framework; sourceTree = SDKROOT; };
		31A286CF198DA27700362ED8 /* CoreGraphics.framework */ = {isa = PBXFileReference; lastKnownFileType = wrapper.framework; name = CoreGraphics.framework; path = System/Library/Frameworks/CoreGraphics.framework; sourceTree = SDKROOT; };
		31A286D1198DA27700362ED8 /* UIKit.framework */ = {isa = PBXFileReference; lastKnownFileType = wrapper.framework; name = UIKit.framework; path = System/Library/Frameworks/UIKit.framework; sourceTree = SDKROOT; };
		31A286D5198DA27700362ED8 /* seq-Info.plist */ = {isa = PBXFileReference; lastKnownFileType = text.plist.xml; path = "seq-Info.plist"; sourceTree = "<group>"; };
		31A286D7198DA27700362ED8 /* en */ = {isa = PBXFileReference; lastKnownFileType = text.plist.strings; name = en; path = en.lproj/InfoPlist.strings; sourceTree = "<group>"; };
		31A286D9198DA27700362ED8 /* main.m */ = {isa = PBXFileReference; lastKnownFileType = sourcecode.c.objc; path = main.m; sourceTree = "<group>"; };
		31A286DB198DA27800362ED8 /* seq-Prefix.pch */ = {isa = PBXFileReference; lastKnownFileType = sourcecode.c.h; path = "seq-Prefix.pch"; sourceTree = "<group>"; };
		31A286DC198DA27800362ED8 /* AppDelegate.h */ = {isa = PBXFileReference; lastKnownFileType = sourcecode.c.h; path = AppDelegate.h; sourceTree = "<group>"; };
		31A286DD198DA27800362ED8 /* AppDelegate.m */ = {isa = PBXFileReference; lastKnownFileType = sourcecode.c.objc; path = AppDelegate.m; sourceTree = "<group>"; };
		31A286E5198DA27800362ED8 /* Images.xcassets */ = {isa = PBXFileReference; lastKnownFileType = folder.assetcatalog; path = Images.xcassets; sourceTree = "<group>"; };
		31A286EB198DA27800362ED8 /* seqTests.xctest */ = {isa = PBXFileReference; explicitFileType = wrapper.cfbundle; includeInIndex = 0; path = seqTests.xctest; sourceTree = BUILT_PRODUCTS_DIR; };
		31A286EC198DA27800362ED8 /* XCTest.framework */ = {isa = PBXFileReference; lastKnownFileType = wrapper.framework; name = XCTest.framework; path = Library/Frameworks/XCTest.framework; sourceTree = DEVELOPER_DIR; };
		31A286F4198DA27800362ED8 /* seqTests-Info.plist */ = {isa = PBXFileReference; lastKnownFileType = text.plist.xml; path = "seqTests-Info.plist"; sourceTree = "<group>"; };
		31A286F6198DA27800362ED8 /* en */ = {isa = PBXFileReference; lastKnownFileType = text.plist.strings; name = en; path = en.lproj/InfoPlist.strings; sourceTree = "<group>"; };
		31A286F8198DA27800362ED8 /* seqTests.m */ = {isa = PBXFileReference; lastKnownFileType = sourcecode.c.objc; path = seqTests.m; sourceTree = "<group>"; };
		31A28710198E051700362ED8 /* Helpers.h */ = {isa = PBXFileReference; fileEncoding = 4; lastKnownFileType = sourcecode.c.h; path = Helpers.h; sourceTree = "<group>"; };
		31A28711198E051700362ED8 /* Helpers.m */ = {isa = PBXFileReference; fileEncoding = 4; lastKnownFileType = sourcecode.c.objc; path = Helpers.m; sourceTree = "<group>"; };
		31A28712198E051700362ED8 /* Airbnb.h */ = {isa = PBXFileReference; fileEncoding = 4; lastKnownFileType = sourcecode.c.h; path = Airbnb.h; sourceTree = "<group>"; };
		31A28713198E051700362ED8 /* Airbnb.m */ = {isa = PBXFileReference; fileEncoding = 4; lastKnownFileType = sourcecode.c.objc; path = Airbnb.m; sourceTree = "<group>"; };
		31A28714198E051700362ED8 /* Foursquare.h */ = {isa = PBXFileReference; fileEncoding = 4; lastKnownFileType = sourcecode.c.h; path = Foursquare.h; sourceTree = "<group>"; };
		31A28715198E051700362ED8 /* Foursquare.m */ = {isa = PBXFileReference; fileEncoding = 4; lastKnownFileType = sourcecode.c.objc; path = Foursquare.m; sourceTree = "<group>"; };
		31A28716198E051700362ED8 /* OpenTable.h */ = {isa = PBXFileReference; fileEncoding = 4; lastKnownFileType = sourcecode.c.h; path = OpenTable.h; sourceTree = "<group>"; };
		31A28717198E051700362ED8 /* OpenTable.m */ = {isa = PBXFileReference; fileEncoding = 4; lastKnownFileType = sourcecode.c.objc; path = OpenTable.m; sourceTree = "<group>"; };
		31A2871C198E052F00362ED8 /* Main.storyboard */ = {isa = PBXFileReference; fileEncoding = 4; lastKnownFileType = file.storyboard; path = Main.storyboard; sourceTree = "<group>"; };
		31A2871D198E052F00362ED8 /* ViewController.h */ = {isa = PBXFileReference; fileEncoding = 4; lastKnownFileType = sourcecode.c.h; path = ViewController.h; sourceTree = "<group>"; };
		31A2871E198E052F00362ED8 /* ViewController.m */ = {isa = PBXFileReference; fileEncoding = 4; lastKnownFileType = sourcecode.c.objc; path = ViewController.m; sourceTree = "<group>"; };
		31A28721198E143300362ED8 /* AppSwitch.h */ = {isa = PBXFileReference; fileEncoding = 4; lastKnownFileType = sourcecode.c.h; path = AppSwitch.h; sourceTree = "<group>"; };
		31A28722198E143300362ED8 /* AppSwitch.m */ = {isa = PBXFileReference; fileEncoding = 4; lastKnownFileType = sourcecode.c.objc; path = AppSwitch.m; sourceTree = "<group>"; };
		31A28724198E14AD00362ED8 /* launch.png */ = {isa = PBXFileReference; lastKnownFileType = image.png; path = launch.png; sourceTree = "<group>"; };
/* End PBXFileReference section */

/* Begin PBXFrameworksBuildPhase section */
		31A286C7198DA27700362ED8 /* Frameworks */ = {
			isa = PBXFrameworksBuildPhase;
			buildActionMask = 2147483647;
			files = (
				31A286D0198DA27700362ED8 /* CoreGraphics.framework in Frameworks */,
				31A286D2198DA27700362ED8 /* UIKit.framework in Frameworks */,
				31A286CE198DA27700362ED8 /* Foundation.framework in Frameworks */,
			);
			runOnlyForDeploymentPostprocessing = 0;
		};
		31A286E8198DA27800362ED8 /* Frameworks */ = {
			isa = PBXFrameworksBuildPhase;
			buildActionMask = 2147483647;
			files = (
				31A286ED198DA27800362ED8 /* XCTest.framework in Frameworks */,
				31A286EF198DA27800362ED8 /* UIKit.framework in Frameworks */,
				31A286EE198DA27800362ED8 /* Foundation.framework in Frameworks */,
			);
			runOnlyForDeploymentPostprocessing = 0;
		};
/* End PBXFrameworksBuildPhase section */

/* Begin PBXGroup section */
		31A286C1198DA27700362ED8 = {
			isa = PBXGroup;
			children = (
				31A286D3198DA27700362ED8 /* seq */,
				31A286F2198DA27800362ED8 /* seqTests */,
				31A286CC198DA27700362ED8 /* Frameworks */,
				31A286CB198DA27700362ED8 /* Products */,
			);
			sourceTree = "<group>";
		};
		31A286CB198DA27700362ED8 /* Products */ = {
			isa = PBXGroup;
			children = (
				31A286CA198DA27700362ED8 /* seq.app */,
				31A286EB198DA27800362ED8 /* seqTests.xctest */,
			);
			name = Products;
			sourceTree = "<group>";
		};
		31A286CC198DA27700362ED8 /* Frameworks */ = {
			isa = PBXGroup;
			children = (
				31A286CD198DA27700362ED8 /* Foundation.framework */,
				31A286CF198DA27700362ED8 /* CoreGraphics.framework */,
				31A286D1198DA27700362ED8 /* UIKit.framework */,
				31A286EC198DA27800362ED8 /* XCTest.framework */,
			);
			name = Frameworks;
			sourceTree = "<group>";
		};
		31A286D3198DA27700362ED8 /* seq */ = {
			isa = PBXGroup;
			children = (
				31A28705198DA44D00362ED8 /* AppSwitch */,
				31A286DC198DA27800362ED8 /* AppDelegate.h */,
				31A286DD198DA27800362ED8 /* AppDelegate.m */,
				31A2871C198E052F00362ED8 /* Main.storyboard */,
				31A2871D198E052F00362ED8 /* ViewController.h */,
				31A2871E198E052F00362ED8 /* ViewController.m */,
				31A28726198E14B000362ED8 /* Images */,
				31A286E5198DA27800362ED8 /* Images.xcassets */,
				31A286D4198DA27700362ED8 /* Supporting Files */,
			);
			path = seq;
			sourceTree = "<group>";
		};
		31A286D4198DA27700362ED8 /* Supporting Files */ = {
			isa = PBXGroup;
			children = (
				31A286D5198DA27700362ED8 /* seq-Info.plist */,
				31A286D6198DA27700362ED8 /* InfoPlist.strings */,
				31A286D9198DA27700362ED8 /* main.m */,
				31A286DB198DA27800362ED8 /* seq-Prefix.pch */,
			);
			name = "Supporting Files";
			sourceTree = "<group>";
		};
		31A286F2198DA27800362ED8 /* seqTests */ = {
			isa = PBXGroup;
			children = (
				31A286F8198DA27800362ED8 /* seqTests.m */,
				31A286F3198DA27800362ED8 /* Supporting Files */,
			);
			path = seqTests;
			sourceTree = "<group>";
		};
		31A286F3198DA27800362ED8 /* Supporting Files */ = {
			isa = PBXGroup;
			children = (
				31A286F4198DA27800362ED8 /* seqTests-Info.plist */,
				31A286F5198DA27800362ED8 /* InfoPlist.strings */,
			);
			name = "Supporting Files";
			sourceTree = "<group>";
		};
		31A28705198DA44D00362ED8 /* AppSwitch */ = {
			isa = PBXGroup;
			children = (
				31A28721198E143300362ED8 /* AppSwitch.h */,
				31A28722198E143300362ED8 /* AppSwitch.m */,
				31A2870F198DA47000362ED8 /* Helpers */,
			);
			name = AppSwitch;
			sourceTree = "<group>";
		};
		31A2870F198DA47000362ED8 /* Helpers */ = {
			isa = PBXGroup;
			children = (
				31A28710198E051700362ED8 /* Helpers.h */,
				31A28711198E051700362ED8 /* Helpers.m */,
				31A28712198E051700362ED8 /* Airbnb.h */,
				31A28713198E051700362ED8 /* Airbnb.m */,
				31A28714198E051700362ED8 /* Foursquare.h */,
				31A28715198E051700362ED8 /* Foursquare.m */,
				31A28716198E051700362ED8 /* OpenTable.h */,
				31A28717198E051700362ED8 /* OpenTable.m */,
			);
			name = Helpers;
			sourceTree = "<group>";
		};
		31A28726198E14B000362ED8 /* Images */ = {
			isa = PBXGroup;
			children = (
				31A28724198E14AD00362ED8 /* launch.png */,
			);
			name = Images;
			sourceTree = "<group>";
		};
/* End PBXGroup section */

/* Begin PBXNativeTarget section */
		31A286C9198DA27700362ED8 /* seq */ = {
			isa = PBXNativeTarget;
			buildConfigurationList = 31A286FC198DA27800362ED8 /* Build configuration list for PBXNativeTarget "seq" */;
			buildPhases = (
				31A286C6198DA27700362ED8 /* Sources */,
				31A286C7198DA27700362ED8 /* Frameworks */,
				31A286C8198DA27700362ED8 /* Resources */,
			);
			buildRules = (
			);
			dependencies = (
			);
			name = seq;
			productName = seq;
			productReference = 31A286CA198DA27700362ED8 /* seq.app */;
			productType = "com.apple.product-type.application";
		};
		31A286EA198DA27800362ED8 /* seqTests */ = {
			isa = PBXNativeTarget;
			buildConfigurationList = 31A286FF198DA27800362ED8 /* Build configuration list for PBXNativeTarget "seqTests" */;
			buildPhases = (
				31A286E7198DA27800362ED8 /* Sources */,
				31A286E8198DA27800362ED8 /* Frameworks */,
				31A286E9198DA27800362ED8 /* Resources */,
			);
			buildRules = (
			);
			dependencies = (
				31A286F1198DA27800362ED8 /* PBXTargetDependency */,
			);
			name = seqTests;
			productName = seqTests;
			productReference = 31A286EB198DA27800362ED8 /* seqTests.xctest */;
			productType = "com.apple.product-type.bundle.unit-test";
		};
/* End PBXNativeTarget section */

/* Begin PBXProject section */
		31A286C2198DA27700362ED8 /* Project object */ = {
			isa = PBXProject;
			attributes = {
				LastUpgradeCheck = 0510;
				ORGANIZATIONNAME = "Bitpass, Inc.";
				TargetAttributes = {
					31A286EA198DA27800362ED8 = {
						TestTargetID = 31A286C9198DA27700362ED8;
					};
				};
			};
			buildConfigurationList = 31A286C5198DA27700362ED8 /* Build configuration list for PBXProject "seq" */;
			compatibilityVersion = "Xcode 3.2";
			developmentRegion = English;
			hasScannedForEncodings = 0;
			knownRegions = (
				en,
				Base,
			);
			mainGroup = 31A286C1198DA27700362ED8;
			productRefGroup = 31A286CB198DA27700362ED8 /* Products */;
			projectDirPath = "";
			projectRoot = "";
			targets = (
				31A286C9198DA27700362ED8 /* seq */,
				31A286EA198DA27800362ED8 /* seqTests */,
			);
		};
/* End PBXProject section */

/* Begin PBXResourcesBuildPhase section */
		31A286C8198DA27700362ED8 /* Resources */ = {
			isa = PBXResourcesBuildPhase;
			buildActionMask = 2147483647;
			files = (
				31A28725198E14AD00362ED8 /* launch.png in Resources */,
				31A2871F198E052F00362ED8 /* Main.storyboard in Resources */,
				31A286E6198DA27800362ED8 /* Images.xcassets in Resources */,
				31A286D8198DA27700362ED8 /* InfoPlist.strings in Resources */,
			);
			runOnlyForDeploymentPostprocessing = 0;
		};
		31A286E9198DA27800362ED8 /* Resources */ = {
			isa = PBXResourcesBuildPhase;
			buildActionMask = 2147483647;
			files = (
				31A286F7198DA27800362ED8 /* InfoPlist.strings in Resources */,
			);
			runOnlyForDeploymentPostprocessing = 0;
		};
/* End PBXResourcesBuildPhase section */

/* Begin PBXSourcesBuildPhase section */
		31A286C6198DA27700362ED8 /* Sources */ = {
			isa = PBXSourcesBuildPhase;
			buildActionMask = 2147483647;
			files = (
				31A2871B198E051700362ED8 /* OpenTable.m in Sources */,
				31A28723198E143300362ED8 /* AppSwitch.m in Sources */,
				31A28720198E052F00362ED8 /* ViewController.m in Sources */,
				31A28718198E051700362ED8 /* Helpers.m in Sources */,
				31A286DE198DA27800362ED8 /* AppDelegate.m in Sources */,
				31A286DA198DA27700362ED8 /* main.m in Sources */,
				31A28719198E051700362ED8 /* Airbnb.m in Sources */,
				31A2871A198E051700362ED8 /* Foursquare.m in Sources */,
			);
			runOnlyForDeploymentPostprocessing = 0;
		};
		31A286E7198DA27800362ED8 /* Sources */ = {
			isa = PBXSourcesBuildPhase;
			buildActionMask = 2147483647;
			files = (
				31A286F9198DA27800362ED8 /* seqTests.m in Sources */,
			);
			runOnlyForDeploymentPostprocessing = 0;
		};
/* End PBXSourcesBuildPhase section */

/* Begin PBXTargetDependency section */
		31A286F1198DA27800362ED8 /* PBXTargetDependency */ = {
			isa = PBXTargetDependency;
			target = 31A286C9198DA27700362ED8 /* seq */;
			targetProxy = 31A286F0198DA27800362ED8 /* PBXContainerItemProxy */;
		};
/* End PBXTargetDependency section */

/* Begin PBXVariantGroup section */
		31A286D6198DA27700362ED8 /* InfoPlist.strings */ = {
			isa = PBXVariantGroup;
			children = (
				31A286D7198DA27700362ED8 /* en */,
			);
			name = InfoPlist.strings;
			sourceTree = "<group>";
		};
		31A286F5198DA27800362ED8 /* InfoPlist.strings */ = {
			isa = PBXVariantGroup;
			children = (
				31A286F6198DA27800362ED8 /* en */,
			);
			name = InfoPlist.strings;
			sourceTree = "<group>";
		};
/* End PBXVariantGroup section */

/* Begin XCBuildConfiguration section */
		31A286FA198DA27800362ED8 /* Debug */ = {
			isa = XCBuildConfiguration;
			buildSettings = {
				ALWAYS_SEARCH_USER_PATHS = NO;
				CLANG_CXX_LANGUAGE_STANDARD = "gnu++0x";
				CLANG_CXX_LIBRARY = "libc++";
				CLANG_ENABLE_MODULES = YES;
				CLANG_ENABLE_OBJC_ARC = YES;
				CLANG_WARN_BOOL_CONVERSION = YES;
				CLANG_WARN_CONSTANT_CONVERSION = YES;
				CLANG_WARN_DIRECT_OBJC_ISA_USAGE = YES_ERROR;
				CLANG_WARN_EMPTY_BODY = YES;
				CLANG_WARN_ENUM_CONVERSION = YES;
				CLANG_WARN_INT_CONVERSION = YES;
				CLANG_WARN_OBJC_ROOT_CLASS = YES_ERROR;
				CLANG_WARN__DUPLICATE_METHOD_MATCH = YES;
				"CODE_SIGN_IDENTITY[sdk=iphoneos*]" = "iPhone Developer";
				COPY_PHASE_STRIP = NO;
				GCC_C_LANGUAGE_STANDARD = gnu99;
				GCC_DYNAMIC_NO_PIC = NO;
				GCC_OPTIMIZATION_LEVEL = 0;
				GCC_PREPROCESSOR_DEFINITIONS = (
					"DEBUG=1",
					"$(inherited)",
				);
				GCC_SYMBOLS_PRIVATE_EXTERN = NO;
				GCC_WARN_64_TO_32_BIT_CONVERSION = YES;
				GCC_WARN_ABOUT_RETURN_TYPE = YES_ERROR;
				GCC_WARN_UNDECLARED_SELECTOR = YES;
				GCC_WARN_UNINITIALIZED_AUTOS = YES_AGGRESSIVE;
				GCC_WARN_UNUSED_FUNCTION = YES;
				GCC_WARN_UNUSED_VARIABLE = YES;
				IPHONEOS_DEPLOYMENT_TARGET = 7.1;
				ONLY_ACTIVE_ARCH = YES;
				SDKROOT = iphoneos;
			};
			name = Debug;
		};
		31A286FB198DA27800362ED8 /* Release */ = {
			isa = XCBuildConfiguration;
			buildSettings = {
				ALWAYS_SEARCH_USER_PATHS = NO;
				CLANG_CXX_LANGUAGE_STANDARD = "gnu++0x";
				CLANG_CXX_LIBRARY = "libc++";
				CLANG_ENABLE_MODULES = YES;
				CLANG_ENABLE_OBJC_ARC = YES;
				CLANG_WARN_BOOL_CONVERSION = YES;
				CLANG_WARN_CONSTANT_CONVERSION = YES;
				CLANG_WARN_DIRECT_OBJC_ISA_USAGE = YES_ERROR;
				CLANG_WARN_EMPTY_BODY = YES;
				CLANG_WARN_ENUM_CONVERSION = YES;
				CLANG_WARN_INT_CONVERSION = YES;
				CLANG_WARN_OBJC_ROOT_CLASS = YES_ERROR;
				CLANG_WARN__DUPLICATE_METHOD_MATCH = YES;
				"CODE_SIGN_IDENTITY[sdk=iphoneos*]" = "iPhone Developer";
				COPY_PHASE_STRIP = YES;
				ENABLE_NS_ASSERTIONS = NO;
				GCC_C_LANGUAGE_STANDARD = gnu99;
				GCC_WARN_64_TO_32_BIT_CONVERSION = YES;
				GCC_WARN_ABOUT_RETURN_TYPE = YES_ERROR;
				GCC_WARN_UNDECLARED_SELECTOR = YES;
				GCC_WARN_UNINITIALIZED_AUTOS = YES_AGGRESSIVE;
				GCC_WARN_UNUSED_FUNCTION = YES;
				GCC_WARN_UNUSED_VARIABLE = YES;
				IPHONEOS_DEPLOYMENT_TARGET = 7.1;
				SDKROOT = iphoneos;
				VALIDATE_PRODUCT = YES;
			};
			name = Release;
		};
		31A286FD198DA27800362ED8 /* Debug */ = {
			isa = XCBuildConfiguration;
			buildSettings = {
				ASSETCATALOG_COMPILER_APPICON_NAME = AppIcon;
				ASSETCATALOG_COMPILER_LAUNCHIMAGE_NAME = LaunchImage;
				GCC_PRECOMPILE_PREFIX_HEADER = YES;
				GCC_PREFIX_HEADER = "seq/seq-Prefix.pch";
				INFOPLIST_FILE = "seq/seq-Info.plist";
				PRODUCT_NAME = "$(TARGET_NAME)";
				WRAPPER_EXTENSION = app;
			};
			name = Debug;
		};
		31A286FE198DA27800362ED8 /* Release */ = {
			isa = XCBuildConfiguration;
			buildSettings = {
				ASSETCATALOG_COMPILER_APPICON_NAME = AppIcon;
				ASSETCATALOG_COMPILER_LAUNCHIMAGE_NAME = LaunchImage;
				GCC_PRECOMPILE_PREFIX_HEADER = YES;
				GCC_PREFIX_HEADER = "seq/seq-Prefix.pch";
				INFOPLIST_FILE = "seq/seq-Info.plist";
				PRODUCT_NAME = "$(TARGET_NAME)";
				WRAPPER_EXTENSION = app;
			};
			name = Release;
		};
		31A28700198DA27800362ED8 /* Debug */ = {
			isa = XCBuildConfiguration;
			buildSettings = {
				BUNDLE_LOADER = "$(BUILT_PRODUCTS_DIR)/seq.app/seq";
				FRAMEWORK_SEARCH_PATHS = (
					"$(SDKROOT)/Developer/Library/Frameworks",
					"$(inherited)",
					"$(DEVELOPER_FRAMEWORKS_DIR)",
				);
				GCC_PRECOMPILE_PREFIX_HEADER = YES;
				GCC_PREFIX_HEADER = "seq/seq-Prefix.pch";
				GCC_PREPROCESSOR_DEFINITIONS = (
					"DEBUG=1",
					"$(inherited)",
				);
				INFOPLIST_FILE = "seqTests/seqTests-Info.plist";
				PRODUCT_NAME = "$(TARGET_NAME)";
				TEST_HOST = "$(BUNDLE_LOADER)";
				WRAPPER_EXTENSION = xctest;
			};
			name = Debug;
		};
		31A28701198DA27800362ED8 /* Release */ = {
			isa = XCBuildConfiguration;
			buildSettings = {
				BUNDLE_LOADER = "$(BUILT_PRODUCTS_DIR)/seq.app/seq";
				FRAMEWORK_SEARCH_PATHS = (
					"$(SDKROOT)/Developer/Library/Frameworks",
					"$(inherited)",
					"$(DEVELOPER_FRAMEWORKS_DIR)",
				);
				GCC_PRECOMPILE_PREFIX_HEADER = YES;
				GCC_PREFIX_HEADER = "seq/seq-Prefix.pch";
				INFOPLIST_FILE = "seqTests/seqTests-Info.plist";
				PRODUCT_NAME = "$(TARGET_NAME)";
				TEST_HOST = "$(BUNDLE_LOADER)";
				WRAPPER_EXTENSION = xctest;
			};
			name = Release;
		};
/* End XCBuildConfiguration section */

/* Begin XCConfigurationList section */
		31A286C5198DA27700362ED8 /* Build configuration list for PBXProject "seq" */ = {
			isa = XCConfigurationList;
			buildConfigurations = (
				31A286FA198DA27800362ED8 /* Debug */,
				31A286FB198DA27800362ED8 /* Release */,
			);
			defaultConfigurationIsVisible = 0;
			defaultConfigurationName = Release;
		};
		31A286FC198DA27800362ED8 /* Build configuration list for PBXNativeTarget "seq" */ = {
			isa = XCConfigurationList;
			buildConfigurations = (
				31A286FD198DA27800362ED8 /* Debug */,
				31A286FE198DA27800362ED8 /* Release */,
			);
			defaultConfigurationIsVisible = 0;
			defaultConfigurationName = Release;
		};
		31A286FF198DA27800362ED8 /* Build configuration list for PBXNativeTarget "seqTests" */ = {
			isa = XCConfigurationList;
			buildConfigurations = (
				31A28700198DA27800362ED8 /* Debug */,
				31A28701198DA27800362ED8 /* Release */,
			);
			defaultConfigurationIsVisible = 0;
			defaultConfigurationName = Release;
		};
/* End XCConfigurationList section */
	};
	rootObject = 31A286C2198DA27700362ED8 /* Project object */;
}
